
Microsoft Visual Studio Solution File, Format Version 12.00
# Visual Studio Version 17
VisualStudioVersion = 17.7.34024.191
MinimumVisualStudioVersion = 10.0.40219.1
Project("{FAE04EC0-301F-11D3-BF4B-00C04F79EFBC}") = "Scarpe&co", "Scarpe&co\Scarpe&co.csproj", "{026DE26B-FDB3-4F16-A988-AD7103F51CFC}"
EndProject
Global
	GlobalSection(SolutionConfigurationPlatforms) = preSolution
		Debug|Any CPU = Debug|Any CPU
		Release|Any CPU = Release|Any CPU
	EndGlobalSection
	GlobalSection(ProjectConfigurationPlatforms) = postSolution
		{026DE26B-FDB3-4F16-A988-AD7103F51CFC}.Debug|Any CPU.ActiveCfg = Debug|Any CPU
		{026DE26B-FDB3-4F16-A988-AD7103F51CFC}.Debug|Any CPU.Build.0 = Debug|Any CPU
		{026DE26B-FDB3-4F16-A988-AD7103F51CFC}.Release|Any CPU.ActiveCfg = Release|Any CPU
		{026DE26B-FDB3-4F16-A988-AD7103F51CFC}.Release|Any CPU.Build.0 = Release|Any CPU
	EndGlobalSection
	GlobalSection(SolutionProperties) = preSolution
		HideSolutionNode = FALSE
	EndGlobalSection
	GlobalSection(ExtensibilityGlobals) = postSolution
		SolutionGuid = {B01F0FAC-F654-43CE-8966-093108996B20}
	EndGlobalSection
EndGlobal
